
Microsoft Visual Studio Solution File, Format Version 12.00
# Visual Studio 15
VisualStudioVersion = 15.0.28307.271
MinimumVisualStudioVersion = 10.0.40219.1
Project("{FAE04EC0-301F-11D3-BF4B-00C04F79EFBC}") = "EsStudyDemo", "EsStudyDemo\EsStudyDemo.csproj", "{90CCB0C8-5D5B-4FF4-B1B2-45A5A997A9F7}"
EndProject
Global
	GlobalSection(SolutionConfigurationPlatforms) = preSolution
		Debug|Any CPU = Debug|Any CPU
		Release|Any CPU = Release|Any CPU
	EndGlobalSection
	GlobalSection(ProjectConfigurationPlatforms) = postSolution
		{90CCB0C8-5D5B-4FF4-B1B2-45A5A997A9F7}.Debug|Any CPU.ActiveCfg = Debug|Any CPU
		{90CCB0C8-5D5B-4FF4-B1B2-45A5A997A9F7}.Debug|Any CPU.Build.0 = Debug|Any CPU
		{90CCB0C8-5D5B-4FF4-B1B2-45A5A997A9F7}.Release|Any CPU.ActiveCfg = Release|Any CPU
		{90CCB0C8-5D5B-4FF4-B1B2-45A5A997A9F7}.Release|Any CPU.Build.0 = Release|Any CPU
	EndGlobalSection
	GlobalSection(SolutionProperties) = preSolution
		HideSolutionNode = FALSE
	EndGlobalSection
	GlobalSection(ExtensibilityGlobals) = postSolution
		SolutionGuid = {09AD62E8-AABC-4C1A-85F2-6981010D274C}
	EndGlobalSection
EndGlobal
